appdirs==1.4.4
astunparse==1.6.3
attrs==26.1.0
autograd==1.9.1
autoray==0.8.0
cachetools==7.1.8
certifi==2026.7.22
charset-normalizer==3.5.1
cirq-core==1.6.1
contourpy==1.3.3
cycler==0.12.1
diastatic-malt==2.15.3
dill==0.4.1
duet==0.2.9
fonttools==4.65.0
gast==0.7.0
h5py==3.16.0
idna==3.19
kiwisolver==1.5.1
matplotlib==3.11.2
mpmath==1.3.0
networkx==3.6.1
numpy==1.26.4
packaging==26.3
pandas==2.3.3
pennylane==0.43.1
pennylane-lightning==0.43.0
pillow==12.3.0
ply==3.11
psutil==7.2.2
pyparsing==3.3.2
pyscf==2.8.0
python-dateutil==2.9.0.post0
python-dotenv==1.2.3
pytz==2026.3.post1
qiskit==0.46.0
qiskit-aer==0.13.3
qiskit-algorithms==0.3.0
qiskit-terra==0.46.0
requests==2.34.2
rustworkx==0.18.1
scipy==1.15.3
scipy-openblas32==0.3.34.237.0
setuptools==84.0.0
six==1.17.0
sortedcontainers==2.4.0
stevedore==5.9.1
symengine==0.14.1
sympy==1.14.0
termcolor==3.3.0
tomlkit==0.15.1
tqdm==4.70.1
typing-extensions==4.16.0
tzdata==2026.4
urllib3==2.7.0
wheel==0.48.0
